
Microsoft Visual Studio Solution File, Format Version 12.00
# Visual Studio Version 17
VisualStudioVersion = 17.1.32328.378
MinimumVisualStudioVersion = 10.0.40219.1
Project("{9A19103F-16F7-4668-BE54-9A1E7A4F7556}") = "SpringField's UnpackingTool", "SpringField's UnpackingTool\SpringField's UnpackingTool.csproj", "{A880DBA3-1ED0-482D-B538-6B5BD8F09C6F}"
EndProject
Global
	GlobalSection(SolutionConfigurationPlatforms) = preSolution
		Debug|Any CPU = Debug|Any CPU
		Release|Any CPU = Release|Any CPU
	EndGlobalSection
	GlobalSection(ProjectConfigurationPlatforms) = postSolution
		{A880DBA3-1ED0-482D-B538-6B5BD8F09C6F}.Debug|Any CPU.ActiveCfg = Debug|Any CPU
		{A880DBA3-1ED0-482D-B538-6B5BD8F09C6F}.Debug|Any CPU.Build.0 = Debug|Any CPU
		{A880DBA3-1ED0-482D-B538-6B5BD8F09C6F}.Release|Any CPU.ActiveCfg = Release|Any CPU
		{A880DBA3-1ED0-482D-B538-6B5BD8F09C6F}.Release|Any CPU.Build.0 = Release|Any CPU
	EndGlobalSection
	GlobalSection(SolutionProperties) = preSolution
		HideSolutionNode = FALSE
	EndGlobalSection
	GlobalSection(ExtensibilityGlobals) = postSolution
		SolutionGuid = {584C28BC-6F6A-403C-A9D6-F61F3A7814E7}
	EndGlobalSection
EndGlobal
